
Microsoft Visual Studio Solution File, Format Version 12.00
# Visual Studio 15
VisualStudioVersion = 15.0.27428.2043
MinimumVisualStudioVersion = 10.0.40219.1
Project("{2150E333-8FDC-42A3-9474-1A3956D46DE8}") = "Solution Items", "Solution Items", "{D6EAACE8-0E62-4CE1-819E-0F43770F2B1A}"
	ProjectSection(SolutionItems) = preProject
		README.md = README.md
	EndProjectSection
EndProject
Project("{FAE04EC0-301F-11D3-BF4B-00C04F79EFBC}") = "SingletonBasic", "Singleton\SingletonBasic.csproj", "{DAB38C07-9570-4578-BB89-F3D00CF36D22}"
EndProject
Project("{FAE04EC0-301F-11D3-BF4B-00C04F79EFBC}") = "SingletonThreadSafe", "SingletonThreadSafe\SingletonThreadSafe.csproj", "{31352896-1E7A-4FF7-B580-0A08F47E29AD}"
EndProject
Project("{FAE04EC0-301F-11D3-BF4B-00C04F79EFBC}") = "SingletonTests", "SingletonTests\SingletonTests.csproj", "{10E6D547-1D11-4C5F-89CF-BB6539CB6385}"
EndProject
Project("{2150E333-8FDC-42A3-9474-1A3956D46DE8}") = "Singleton", "Singleton", "{63968EF9-C510-443F-A0AF-19CCAC22EEE9}"
EndProject
Global
	GlobalSection(SolutionConfigurationPlatforms) = preSolution
		Debug|Any CPU = Debug|Any CPU
		Release|Any CPU = Release|Any CPU
	EndGlobalSection
	GlobalSection(ProjectConfigurationPlatforms) = postSolution
		{DAB38C07-9570-4578-BB89-F3D00CF36D22}.Debug|Any CPU.ActiveCfg = Debug|Any CPU
		{DAB38C07-9570-4578-BB89-F3D00CF36D22}.Debug|Any CPU.Build.0 = Debug|Any CPU
		{DAB38C07-9570-4578-BB89-F3D00CF36D22}.Release|Any CPU.ActiveCfg = Release|Any CPU
		{DAB38C07-9570-4578-BB89-F3D00CF36D22}.Release|Any CPU.Build.0 = Release|Any CPU
		{31352896-1E7A-4FF7-B580-0A08F47E29AD}.Debug|Any CPU.ActiveCfg = Debug|Any CPU
		{31352896-1E7A-4FF7-B580-0A08F47E29AD}.Debug|Any CPU.Build.0 = Debug|Any CPU
		{31352896-1E7A-4FF7-B580-0A08F47E29AD}.Release|Any CPU.ActiveCfg = Release|Any CPU
		{31352896-1E7A-4FF7-B580-0A08F47E29AD}.Release|Any CPU.Build.0 = Release|Any CPU
		{10E6D547-1D11-4C5F-89CF-BB6539CB6385}.Debug|Any CPU.ActiveCfg = Debug|Any CPU
		{10E6D547-1D11-4C5F-89CF-BB6539CB6385}.Debug|Any CPU.Build.0 = Debug|Any CPU
		{10E6D547-1D11-4C5F-89CF-BB6539CB6385}.Release|Any CPU.ActiveCfg = Release|Any CPU
		{10E6D547-1D11-4C5F-89CF-BB6539CB6385}.Release|Any CPU.Build.0 = Release|Any CPU
	EndGlobalSection
	GlobalSection(SolutionProperties) = preSolution
		HideSolutionNode = FALSE
	EndGlobalSection
	GlobalSection(NestedProjects) = preSolution
		{DAB38C07-9570-4578-BB89-F3D00CF36D22} = {63968EF9-C510-443F-A0AF-19CCAC22EEE9}
		{31352896-1E7A-4FF7-B580-0A08F47E29AD} = {63968EF9-C510-443F-A0AF-19CCAC22EEE9}
		{10E6D547-1D11-4C5F-89CF-BB6539CB6385} = {63968EF9-C510-443F-A0AF-19CCAC22EEE9}
	EndGlobalSection
	GlobalSection(ExtensibilityGlobals) = postSolution
		SolutionGuid = {88954E52-E649-4FB6-9B45-DE4B122F577E}
	EndGlobalSection
EndGlobal
