
Microsoft Visual Studio Solution File, Format Version 12.00
# Visual Studio 15
VisualStudioVersion = 15.0.27428.2043
MinimumVisualStudioVersion = 10.0.40219.1
Project("{2150E333-8FDC-42A3-9474-1A3956D46DE8}") = "_Readme", "_Readme", "{D6EAACE8-0E62-4CE1-819E-0F43770F2B1A}"
	ProjectSection(SolutionItems) = preProject
		README.md = README.md
	EndProjectSection
EndProject
Project("{FAE04EC0-301F-11D3-BF4B-00C04F79EFBC}") = "SingletonBasic", "Singleton\SingletonBasic.csproj", "{DAB38C07-9570-4578-BB89-F3D00CF36D22}"
EndProject
Project("{FAE04EC0-301F-11D3-BF4B-00C04F79EFBC}") = "SingletonThreadSafe", "SingletonThreadSafe\SingletonThreadSafe.csproj", "{31352896-1E7A-4FF7-B580-0A08F47E29AD}"
EndProject
Project("{FAE04EC0-301F-11D3-BF4B-00C04F79EFBC}") = "SingletonTests", "SingletonTests\SingletonTests.csproj", "{10E6D547-1D11-4C5F-89CF-BB6539CB6385}"
EndProject
Project("{2150E333-8FDC-42A3-9474-1A3956D46DE8}") = "Strategy", "Strategy", "{D0BB6938-627B-473B-946C-B20FEB5C9B19}"
EndProject
Project("{FAE04EC0-301F-11D3-BF4B-00C04F79EFBC}") = "Strategy", "Strategy\Strategy.csproj", "{7FA3A343-2AAA-47CF-9836-7AFE939CAD52}"
EndProject
Project("{2150E333-8FDC-42A3-9474-1A3956D46DE8}") = "Singleton", "Singleton", "{9B1F6248-CEA5-403B-B6E4-6DF3F5C66BFF}"
EndProject
Project("{FAE04EC0-301F-11D3-BF4B-00C04F79EFBC}") = "StrategyTests", "StrategyTests\StrategyTests.csproj", "{4D10F61E-DF5E-4921-9CAB-2E8EBAC7A90E}"
EndProject
Project("{2150E333-8FDC-42A3-9474-1A3956D46DE8}") = "Composite", "Composite", "{54C9C789-D9AC-4532-9341-671A8760A1BC}"
EndProject
Project("{FAE04EC0-301F-11D3-BF4B-00C04F79EFBC}") = "CompositeTests", "CompositeTest\CompositeTests.csproj", "{9B8CA2D9-C6F9-4141-85CA-A6B6B8309CE5}"
EndProject
Project("{FAE04EC0-301F-11D3-BF4B-00C04F79EFBC}") = "Composite", "Composite\Composite.csproj", "{EEF52D78-A365-4CC1-B565-F9D8CDFF0273}"
EndProject
Global
	GlobalSection(SolutionConfigurationPlatforms) = preSolution
		Debug|Any CPU = Debug|Any CPU
		Debug|x64 = Debug|x64
		Debug|x86 = Debug|x86
		Release|Any CPU = Release|Any CPU
		Release|x64 = Release|x64
		Release|x86 = Release|x86
	EndGlobalSection
	GlobalSection(ProjectConfigurationPlatforms) = postSolution
		{DAB38C07-9570-4578-BB89-F3D00CF36D22}.Debug|Any CPU.ActiveCfg = Debug|Any CPU
		{DAB38C07-9570-4578-BB89-F3D00CF36D22}.Debug|Any CPU.Build.0 = Debug|Any CPU
		{DAB38C07-9570-4578-BB89-F3D00CF36D22}.Debug|x64.ActiveCfg = Debug|Any CPU
		{DAB38C07-9570-4578-BB89-F3D00CF36D22}.Debug|x64.Build.0 = Debug|Any CPU
		{DAB38C07-9570-4578-BB89-F3D00CF36D22}.Debug|x86.ActiveCfg = Debug|Any CPU
		{DAB38C07-9570-4578-BB89-F3D00CF36D22}.Debug|x86.Build.0 = Debug|Any CPU
		{DAB38C07-9570-4578-BB89-F3D00CF36D22}.Release|Any CPU.ActiveCfg = Release|Any CPU
		{DAB38C07-9570-4578-BB89-F3D00CF36D22}.Release|Any CPU.Build.0 = Release|Any CPU
		{DAB38C07-9570-4578-BB89-F3D00CF36D22}.Release|x64.ActiveCfg = Release|Any CPU
		{DAB38C07-9570-4578-BB89-F3D00CF36D22}.Release|x64.Build.0 = Release|Any CPU
		{DAB38C07-9570-4578-BB89-F3D00CF36D22}.Release|x86.ActiveCfg = Release|Any CPU
		{DAB38C07-9570-4578-BB89-F3D00CF36D22}.Release|x86.Build.0 = Release|Any CPU
		{31352896-1E7A-4FF7-B580-0A08F47E29AD}.Debug|Any CPU.ActiveCfg = Debug|Any CPU
		{31352896-1E7A-4FF7-B580-0A08F47E29AD}.Debug|Any CPU.Build.0 = Debug|Any CPU
		{31352896-1E7A-4FF7-B580-0A08F47E29AD}.Debug|x64.ActiveCfg = Debug|Any CPU
		{31352896-1E7A-4FF7-B580-0A08F47E29AD}.Debug|x64.Build.0 = Debug|Any CPU
		{31352896-1E7A-4FF7-B580-0A08F47E29AD}.Debug|x86.ActiveCfg = Debug|Any CPU
		{31352896-1E7A-4FF7-B580-0A08F47E29AD}.Debug|x86.Build.0 = Debug|Any CPU
		{31352896-1E7A-4FF7-B580-0A08F47E29AD}.Release|Any CPU.ActiveCfg = Release|Any CPU
		{31352896-1E7A-4FF7-B580-0A08F47E29AD}.Release|Any CPU.Build.0 = Release|Any CPU
		{31352896-1E7A-4FF7-B580-0A08F47E29AD}.Release|x64.ActiveCfg = Release|Any CPU
		{31352896-1E7A-4FF7-B580-0A08F47E29AD}.Release|x64.Build.0 = Release|Any CPU
		{31352896-1E7A-4FF7-B580-0A08F47E29AD}.Release|x86.ActiveCfg = Release|Any CPU
		{31352896-1E7A-4FF7-B580-0A08F47E29AD}.Release|x86.Build.0 = Release|Any CPU
		{10E6D547-1D11-4C5F-89CF-BB6539CB6385}.Debug|Any CPU.ActiveCfg = Debug|Any CPU
		{10E6D547-1D11-4C5F-89CF-BB6539CB6385}.Debug|Any CPU.Build.0 = Debug|Any CPU
		{10E6D547-1D11-4C5F-89CF-BB6539CB6385}.Debug|x64.ActiveCfg = Debug|Any CPU
		{10E6D547-1D11-4C5F-89CF-BB6539CB6385}.Debug|x64.Build.0 = Debug|Any CPU
		{10E6D547-1D11-4C5F-89CF-BB6539CB6385}.Debug|x86.ActiveCfg = Debug|Any CPU
		{10E6D547-1D11-4C5F-89CF-BB6539CB6385}.Debug|x86.Build.0 = Debug|Any CPU
		{10E6D547-1D11-4C5F-89CF-BB6539CB6385}.Release|Any CPU.ActiveCfg = Release|Any CPU
		{10E6D547-1D11-4C5F-89CF-BB6539CB6385}.Release|Any CPU.Build.0 = Release|Any CPU
		{10E6D547-1D11-4C5F-89CF-BB6539CB6385}.Release|x64.ActiveCfg = Release|Any CPU
		{10E6D547-1D11-4C5F-89CF-BB6539CB6385}.Release|x64.Build.0 = Release|Any CPU
		{10E6D547-1D11-4C5F-89CF-BB6539CB6385}.Release|x86.ActiveCfg = Release|Any CPU
		{10E6D547-1D11-4C5F-89CF-BB6539CB6385}.Release|x86.Build.0 = Release|Any CPU
		{7FA3A343-2AAA-47CF-9836-7AFE939CAD52}.Debug|Any CPU.ActiveCfg = Debug|Any CPU
		{7FA3A343-2AAA-47CF-9836-7AFE939CAD52}.Debug|Any CPU.Build.0 = Debug|Any CPU
		{7FA3A343-2AAA-47CF-9836-7AFE939CAD52}.Debug|x64.ActiveCfg = Debug|Any CPU
		{7FA3A343-2AAA-47CF-9836-7AFE939CAD52}.Debug|x64.Build.0 = Debug|Any CPU
		{7FA3A343-2AAA-47CF-9836-7AFE939CAD52}.Debug|x86.ActiveCfg = Debug|Any CPU
		{7FA3A343-2AAA-47CF-9836-7AFE939CAD52}.Debug|x86.Build.0 = Debug|Any CPU
		{7FA3A343-2AAA-47CF-9836-7AFE939CAD52}.Release|Any CPU.ActiveCfg = Release|Any CPU
		{7FA3A343-2AAA-47CF-9836-7AFE939CAD52}.Release|Any CPU.Build.0 = Release|Any CPU
		{7FA3A343-2AAA-47CF-9836-7AFE939CAD52}.Release|x64.ActiveCfg = Release|Any CPU
		{7FA3A343-2AAA-47CF-9836-7AFE939CAD52}.Release|x64.Build.0 = Release|Any CPU
		{7FA3A343-2AAA-47CF-9836-7AFE939CAD52}.Release|x86.ActiveCfg = Release|Any CPU
		{7FA3A343-2AAA-47CF-9836-7AFE939CAD52}.Release|x86.Build.0 = Release|Any CPU
		{4D10F61E-DF5E-4921-9CAB-2E8EBAC7A90E}.Debug|Any CPU.ActiveCfg = Debug|Any CPU
		{4D10F61E-DF5E-4921-9CAB-2E8EBAC7A90E}.Debug|Any CPU.Build.0 = Debug|Any CPU
		{4D10F61E-DF5E-4921-9CAB-2E8EBAC7A90E}.Debug|x64.ActiveCfg = Debug|Any CPU
		{4D10F61E-DF5E-4921-9CAB-2E8EBAC7A90E}.Debug|x64.Build.0 = Debug|Any CPU
		{4D10F61E-DF5E-4921-9CAB-2E8EBAC7A90E}.Debug|x86.ActiveCfg = Debug|Any CPU
		{4D10F61E-DF5E-4921-9CAB-2E8EBAC7A90E}.Debug|x86.Build.0 = Debug|Any CPU
		{4D10F61E-DF5E-4921-9CAB-2E8EBAC7A90E}.Release|Any CPU.ActiveCfg = Release|Any CPU
		{4D10F61E-DF5E-4921-9CAB-2E8EBAC7A90E}.Release|Any CPU.Build.0 = Release|Any CPU
		{4D10F61E-DF5E-4921-9CAB-2E8EBAC7A90E}.Release|x64.ActiveCfg = Release|Any CPU
		{4D10F61E-DF5E-4921-9CAB-2E8EBAC7A90E}.Release|x64.Build.0 = Release|Any CPU
		{4D10F61E-DF5E-4921-9CAB-2E8EBAC7A90E}.Release|x86.ActiveCfg = Release|Any CPU
		{4D10F61E-DF5E-4921-9CAB-2E8EBAC7A90E}.Release|x86.Build.0 = Release|Any CPU
		{9B8CA2D9-C6F9-4141-85CA-A6B6B8309CE5}.Debug|Any CPU.ActiveCfg = Debug|Any CPU
		{9B8CA2D9-C6F9-4141-85CA-A6B6B8309CE5}.Debug|Any CPU.Build.0 = Debug|Any CPU
		{9B8CA2D9-C6F9-4141-85CA-A6B6B8309CE5}.Debug|x64.ActiveCfg = Debug|Any CPU
		{9B8CA2D9-C6F9-4141-85CA-A6B6B8309CE5}.Debug|x64.Build.0 = Debug|Any CPU
		{9B8CA2D9-C6F9-4141-85CA-A6B6B8309CE5}.Debug|x86.ActiveCfg = Debug|Any CPU
		{9B8CA2D9-C6F9-4141-85CA-A6B6B8309CE5}.Debug|x86.Build.0 = Debug|Any CPU
		{9B8CA2D9-C6F9-4141-85CA-A6B6B8309CE5}.Release|Any CPU.ActiveCfg = Release|Any CPU
		{9B8CA2D9-C6F9-4141-85CA-A6B6B8309CE5}.Release|Any CPU.Build.0 = Release|Any CPU
		{9B8CA2D9-C6F9-4141-85CA-A6B6B8309CE5}.Release|x64.ActiveCfg = Release|Any CPU
		{9B8CA2D9-C6F9-4141-85CA-A6B6B8309CE5}.Release|x64.Build.0 = Release|Any CPU
		{9B8CA2D9-C6F9-4141-85CA-A6B6B8309CE5}.Release|x86.ActiveCfg = Release|Any CPU
		{9B8CA2D9-C6F9-4141-85CA-A6B6B8309CE5}.Release|x86.Build.0 = Release|Any CPU
		{EEF52D78-A365-4CC1-B565-F9D8CDFF0273}.Debug|Any CPU.ActiveCfg = Debug|Any CPU
		{EEF52D78-A365-4CC1-B565-F9D8CDFF0273}.Debug|Any CPU.Build.0 = Debug|Any CPU
		{EEF52D78-A365-4CC1-B565-F9D8CDFF0273}.Debug|x64.ActiveCfg = Debug|Any CPU
		{EEF52D78-A365-4CC1-B565-F9D8CDFF0273}.Debug|x64.Build.0 = Debug|Any CPU
		{EEF52D78-A365-4CC1-B565-F9D8CDFF0273}.Debug|x86.ActiveCfg = Debug|Any CPU
		{EEF52D78-A365-4CC1-B565-F9D8CDFF0273}.Debug|x86.Build.0 = Debug|Any CPU
		{EEF52D78-A365-4CC1-B565-F9D8CDFF0273}.Release|Any CPU.ActiveCfg = Release|Any CPU
		{EEF52D78-A365-4CC1-B565-F9D8CDFF0273}.Release|Any CPU.Build.0 = Release|Any CPU
		{EEF52D78-A365-4CC1-B565-F9D8CDFF0273}.Release|x64.ActiveCfg = Release|Any CPU
		{EEF52D78-A365-4CC1-B565-F9D8CDFF0273}.Release|x64.Build.0 = Release|Any CPU
		{EEF52D78-A365-4CC1-B565-F9D8CDFF0273}.Release|x86.ActiveCfg = Release|Any CPU
		{EEF52D78-A365-4CC1-B565-F9D8CDFF0273}.Release|x86.Build.0 = Release|Any CPU
	EndGlobalSection
	GlobalSection(SolutionProperties) = preSolution
		HideSolutionNode = FALSE
	EndGlobalSection
	GlobalSection(NestedProjects) = preSolution
		{DAB38C07-9570-4578-BB89-F3D00CF36D22} = {9B1F6248-CEA5-403B-B6E4-6DF3F5C66BFF}
		{31352896-1E7A-4FF7-B580-0A08F47E29AD} = {9B1F6248-CEA5-403B-B6E4-6DF3F5C66BFF}
		{10E6D547-1D11-4C5F-89CF-BB6539CB6385} = {9B1F6248-CEA5-403B-B6E4-6DF3F5C66BFF}
		{7FA3A343-2AAA-47CF-9836-7AFE939CAD52} = {D0BB6938-627B-473B-946C-B20FEB5C9B19}
		{4D10F61E-DF5E-4921-9CAB-2E8EBAC7A90E} = {D0BB6938-627B-473B-946C-B20FEB5C9B19}
		{9B8CA2D9-C6F9-4141-85CA-A6B6B8309CE5} = {54C9C789-D9AC-4532-9341-671A8760A1BC}
		{EEF52D78-A365-4CC1-B565-F9D8CDFF0273} = {54C9C789-D9AC-4532-9341-671A8760A1BC}
	EndGlobalSection
	GlobalSection(ExtensibilityGlobals) = postSolution
		SolutionGuid = {88954E52-E649-4FB6-9B45-DE4B122F577E}
	EndGlobalSection
EndGlobal
