
Microsoft Visual Studio Solution File, Format Version 12.00
# Visual Studio 15
VisualStudioVersion = 15.0.26124.0
MinimumVisualStudioVersion = 15.0.26124.0
Project("{2150E333-8FDC-42A3-9474-1A3956D46DE8}") = "Creational", "Creational", "{70A9F1B4-4A0B-42BB-A29C-41AD9538460F}"
EndProject
Project("{9A19103F-16F7-4668-BE54-9A1E7A4F7556}") = "Singleton", "Creational\Singleton\Singleton.csproj", "{450B4A68-AA30-46D8-97EC-5254C2470F5D}"
EndProject
Project("{9A19103F-16F7-4668-BE54-9A1E7A4F7556}") = "Builder", "Creational\Builder\Builder.csproj", "{50C647C9-CD31-4220-AE20-18657F54E624}"
EndProject
Project("{9A19103F-16F7-4668-BE54-9A1E7A4F7556}") = "FactoryMethod", "Creational\FactoryMethod\FactoryMethod.csproj", "{66D0F967-14B4-4C94-8D41-B1302E3240AB}"
EndProject
Project("{2150E333-8FDC-42A3-9474-1A3956D46DE8}") = "Behavioural", "Behavioural", "{2F045150-E319-473E-ADC4-ECC745E476EC}"
EndProject
Project("{9A19103F-16F7-4668-BE54-9A1E7A4F7556}") = "ChainOfResponsibility", "Behavioural\ChainOfResponsibility\ChainOfResponsibility.csproj", "{47C48C12-F506-4F82-A50A-046F333A1D67}"
EndProject
Project("{9A19103F-16F7-4668-BE54-9A1E7A4F7556}") = "Command", "Behavioural\Command\Command.csproj", "{67E6D87E-9940-410A-9541-B6F2523B3CA3}"
EndProject
Project("{9A19103F-16F7-4668-BE54-9A1E7A4F7556}") = "Observer", "Behavioural\Observer\Observer.csproj", "{836BB551-D678-44F1-925C-BFEB38E4E2C3}"
EndProject
Project("{9A19103F-16F7-4668-BE54-9A1E7A4F7556}") = "State", "Behavioural\State\State.csproj", "{BBD21FF3-7510-4E8F-AA7F-353DE8F8FBDF}"
EndProject
Project("{9A19103F-16F7-4668-BE54-9A1E7A4F7556}") = "Strategy", "Behavioural\Strategy\Strategy.csproj", "{967B93E7-DA0D-494A-8221-9BA51952E03C}"
EndProject
Project("{9A19103F-16F7-4668-BE54-9A1E7A4F7556}") = "TemplateMethod", "Behavioural\TemplateMethod\TemplateMethod.csproj", "{D0C43081-D457-40DA-B727-A1E3B380D3D3}"
EndProject
Project("{9A19103F-16F7-4668-BE54-9A1E7A4F7556}") = "Visitor", "Behavioural\Visitor\Visitor.csproj", "{5C5484D4-828B-450C-B117-5FBF4D2144E5}"
EndProject
Project("{2150E333-8FDC-42A3-9474-1A3956D46DE8}") = "Structure", "Structure", "{611E14D8-AEAE-46A0-919A-E775513DDDA4}"
EndProject
Project("{9A19103F-16F7-4668-BE54-9A1E7A4F7556}") = "Adapter", "Structural\Adapter\Adapter.csproj", "{ABF04B20-6E21-436A-8FBE-FCE6FCF48CFC}"
EndProject
Project("{9A19103F-16F7-4668-BE54-9A1E7A4F7556}") = "Composite", "Structural\Composite\Composite.csproj", "{227D7F5F-2892-4D65-B662-C81039AD8FC4}"
EndProject
Project("{9A19103F-16F7-4668-BE54-9A1E7A4F7556}") = "Decorator", "Structural\Decorator\Decorator.csproj", "{1036AB49-7DEC-4422-A662-6729DBD39F64}"
EndProject
Project("{9A19103F-16F7-4668-BE54-9A1E7A4F7556}") = "Facade", "Structural\Facade\Facade.csproj", "{4AE1BD95-E9FD-4D02-B655-924ABC4D78EC}"
EndProject
Project("{9A19103F-16F7-4668-BE54-9A1E7A4F7556}") = "Proxy", "Structural\Proxy\Proxy.csproj", "{40EADF62-FDB6-472B-8E24-1EEEF8FC7D55}"
EndProject
Global
	GlobalSection(SolutionConfigurationPlatforms) = preSolution
		Debug|Any CPU = Debug|Any CPU
		Debug|x64 = Debug|x64
		Debug|x86 = Debug|x86
		Release|Any CPU = Release|Any CPU
		Release|x64 = Release|x64
		Release|x86 = Release|x86
	EndGlobalSection
	GlobalSection(ProjectConfigurationPlatforms) = postSolution
		{450B4A68-AA30-46D8-97EC-5254C2470F5D}.Debug|Any CPU.ActiveCfg = Debug|Any CPU
		{450B4A68-AA30-46D8-97EC-5254C2470F5D}.Debug|Any CPU.Build.0 = Debug|Any CPU
		{450B4A68-AA30-46D8-97EC-5254C2470F5D}.Debug|x64.ActiveCfg = Debug|Any CPU
		{450B4A68-AA30-46D8-97EC-5254C2470F5D}.Debug|x64.Build.0 = Debug|Any CPU
		{450B4A68-AA30-46D8-97EC-5254C2470F5D}.Debug|x86.ActiveCfg = Debug|Any CPU
		{450B4A68-AA30-46D8-97EC-5254C2470F5D}.Debug|x86.Build.0 = Debug|Any CPU
		{450B4A68-AA30-46D8-97EC-5254C2470F5D}.Release|Any CPU.ActiveCfg = Release|Any CPU
		{450B4A68-AA30-46D8-97EC-5254C2470F5D}.Release|Any CPU.Build.0 = Release|Any CPU
		{450B4A68-AA30-46D8-97EC-5254C2470F5D}.Release|x64.ActiveCfg = Release|Any CPU
		{450B4A68-AA30-46D8-97EC-5254C2470F5D}.Release|x64.Build.0 = Release|Any CPU
		{450B4A68-AA30-46D8-97EC-5254C2470F5D}.Release|x86.ActiveCfg = Release|Any CPU
		{450B4A68-AA30-46D8-97EC-5254C2470F5D}.Release|x86.Build.0 = Release|Any CPU
		{50C647C9-CD31-4220-AE20-18657F54E624}.Debug|Any CPU.ActiveCfg = Debug|Any CPU
		{50C647C9-CD31-4220-AE20-18657F54E624}.Debug|Any CPU.Build.0 = Debug|Any CPU
		{50C647C9-CD31-4220-AE20-18657F54E624}.Debug|x64.ActiveCfg = Debug|Any CPU
		{50C647C9-CD31-4220-AE20-18657F54E624}.Debug|x64.Build.0 = Debug|Any CPU
		{50C647C9-CD31-4220-AE20-18657F54E624}.Debug|x86.ActiveCfg = Debug|Any CPU
		{50C647C9-CD31-4220-AE20-18657F54E624}.Debug|x86.Build.0 = Debug|Any CPU
		{50C647C9-CD31-4220-AE20-18657F54E624}.Release|Any CPU.ActiveCfg = Release|Any CPU
		{50C647C9-CD31-4220-AE20-18657F54E624}.Release|Any CPU.Build.0 = Release|Any CPU
		{50C647C9-CD31-4220-AE20-18657F54E624}.Release|x64.ActiveCfg = Release|Any CPU
		{50C647C9-CD31-4220-AE20-18657F54E624}.Release|x64.Build.0 = Release|Any CPU
		{50C647C9-CD31-4220-AE20-18657F54E624}.Release|x86.ActiveCfg = Release|Any CPU
		{50C647C9-CD31-4220-AE20-18657F54E624}.Release|x86.Build.0 = Release|Any CPU
		{66D0F967-14B4-4C94-8D41-B1302E3240AB}.Debug|Any CPU.ActiveCfg = Debug|Any CPU
		{66D0F967-14B4-4C94-8D41-B1302E3240AB}.Debug|Any CPU.Build.0 = Debug|Any CPU
		{66D0F967-14B4-4C94-8D41-B1302E3240AB}.Debug|x64.ActiveCfg = Debug|Any CPU
		{66D0F967-14B4-4C94-8D41-B1302E3240AB}.Debug|x64.Build.0 = Debug|Any CPU
		{66D0F967-14B4-4C94-8D41-B1302E3240AB}.Debug|x86.ActiveCfg = Debug|Any CPU
		{66D0F967-14B4-4C94-8D41-B1302E3240AB}.Debug|x86.Build.0 = Debug|Any CPU
		{66D0F967-14B4-4C94-8D41-B1302E3240AB}.Release|Any CPU.ActiveCfg = Release|Any CPU
		{66D0F967-14B4-4C94-8D41-B1302E3240AB}.Release|Any CPU.Build.0 = Release|Any CPU
		{66D0F967-14B4-4C94-8D41-B1302E3240AB}.Release|x64.ActiveCfg = Release|Any CPU
		{66D0F967-14B4-4C94-8D41-B1302E3240AB}.Release|x64.Build.0 = Release|Any CPU
		{66D0F967-14B4-4C94-8D41-B1302E3240AB}.Release|x86.ActiveCfg = Release|Any CPU
		{66D0F967-14B4-4C94-8D41-B1302E3240AB}.Release|x86.Build.0 = Release|Any CPU
		{47C48C12-F506-4F82-A50A-046F333A1D67}.Debug|Any CPU.ActiveCfg = Debug|Any CPU
		{47C48C12-F506-4F82-A50A-046F333A1D67}.Debug|Any CPU.Build.0 = Debug|Any CPU
		{47C48C12-F506-4F82-A50A-046F333A1D67}.Debug|x64.ActiveCfg = Debug|Any CPU
		{47C48C12-F506-4F82-A50A-046F333A1D67}.Debug|x64.Build.0 = Debug|Any CPU
		{47C48C12-F506-4F82-A50A-046F333A1D67}.Debug|x86.ActiveCfg = Debug|Any CPU
		{47C48C12-F506-4F82-A50A-046F333A1D67}.Debug|x86.Build.0 = Debug|Any CPU
		{47C48C12-F506-4F82-A50A-046F333A1D67}.Release|Any CPU.ActiveCfg = Release|Any CPU
		{47C48C12-F506-4F82-A50A-046F333A1D67}.Release|Any CPU.Build.0 = Release|Any CPU
		{47C48C12-F506-4F82-A50A-046F333A1D67}.Release|x64.ActiveCfg = Release|Any CPU
		{47C48C12-F506-4F82-A50A-046F333A1D67}.Release|x64.Build.0 = Release|Any CPU
		{47C48C12-F506-4F82-A50A-046F333A1D67}.Release|x86.ActiveCfg = Release|Any CPU
		{47C48C12-F506-4F82-A50A-046F333A1D67}.Release|x86.Build.0 = Release|Any CPU
		{67E6D87E-9940-410A-9541-B6F2523B3CA3}.Debug|Any CPU.ActiveCfg = Debug|Any CPU
		{67E6D87E-9940-410A-9541-B6F2523B3CA3}.Debug|Any CPU.Build.0 = Debug|Any CPU
		{67E6D87E-9940-410A-9541-B6F2523B3CA3}.Debug|x64.ActiveCfg = Debug|Any CPU
		{67E6D87E-9940-410A-9541-B6F2523B3CA3}.Debug|x64.Build.0 = Debug|Any CPU
		{67E6D87E-9940-410A-9541-B6F2523B3CA3}.Debug|x86.ActiveCfg = Debug|Any CPU
		{67E6D87E-9940-410A-9541-B6F2523B3CA3}.Debug|x86.Build.0 = Debug|Any CPU
		{67E6D87E-9940-410A-9541-B6F2523B3CA3}.Release|Any CPU.ActiveCfg = Release|Any CPU
		{67E6D87E-9940-410A-9541-B6F2523B3CA3}.Release|Any CPU.Build.0 = Release|Any CPU
		{67E6D87E-9940-410A-9541-B6F2523B3CA3}.Release|x64.ActiveCfg = Release|Any CPU
		{67E6D87E-9940-410A-9541-B6F2523B3CA3}.Release|x64.Build.0 = Release|Any CPU
		{67E6D87E-9940-410A-9541-B6F2523B3CA3}.Release|x86.ActiveCfg = Release|Any CPU
		{67E6D87E-9940-410A-9541-B6F2523B3CA3}.Release|x86.Build.0 = Release|Any CPU
		{836BB551-D678-44F1-925C-BFEB38E4E2C3}.Debug|Any CPU.ActiveCfg = Debug|Any CPU
		{836BB551-D678-44F1-925C-BFEB38E4E2C3}.Debug|Any CPU.Build.0 = Debug|Any CPU
		{836BB551-D678-44F1-925C-BFEB38E4E2C3}.Debug|x64.ActiveCfg = Debug|Any CPU
		{836BB551-D678-44F1-925C-BFEB38E4E2C3}.Debug|x64.Build.0 = Debug|Any CPU
		{836BB551-D678-44F1-925C-BFEB38E4E2C3}.Debug|x86.ActiveCfg = Debug|Any CPU
		{836BB551-D678-44F1-925C-BFEB38E4E2C3}.Debug|x86.Build.0 = Debug|Any CPU
		{836BB551-D678-44F1-925C-BFEB38E4E2C3}.Release|Any CPU.ActiveCfg = Release|Any CPU
		{836BB551-D678-44F1-925C-BFEB38E4E2C3}.Release|Any CPU.Build.0 = Release|Any CPU
		{836BB551-D678-44F1-925C-BFEB38E4E2C3}.Release|x64.ActiveCfg = Release|Any CPU
		{836BB551-D678-44F1-925C-BFEB38E4E2C3}.Release|x64.Build.0 = Release|Any CPU
		{836BB551-D678-44F1-925C-BFEB38E4E2C3}.Release|x86.ActiveCfg = Release|Any CPU
		{836BB551-D678-44F1-925C-BFEB38E4E2C3}.Release|x86.Build.0 = Release|Any CPU
		{BBD21FF3-7510-4E8F-AA7F-353DE8F8FBDF}.Debug|Any CPU.ActiveCfg = Debug|Any CPU
		{BBD21FF3-7510-4E8F-AA7F-353DE8F8FBDF}.Debug|Any CPU.Build.0 = Debug|Any CPU
		{BBD21FF3-7510-4E8F-AA7F-353DE8F8FBDF}.Debug|x64.ActiveCfg = Debug|Any CPU
		{BBD21FF3-7510-4E8F-AA7F-353DE8F8FBDF}.Debug|x64.Build.0 = Debug|Any CPU
		{BBD21FF3-7510-4E8F-AA7F-353DE8F8FBDF}.Debug|x86.ActiveCfg = Debug|Any CPU
		{BBD21FF3-7510-4E8F-AA7F-353DE8F8FBDF}.Debug|x86.Build.0 = Debug|Any CPU
		{BBD21FF3-7510-4E8F-AA7F-353DE8F8FBDF}.Release|Any CPU.ActiveCfg = Release|Any CPU
		{BBD21FF3-7510-4E8F-AA7F-353DE8F8FBDF}.Release|Any CPU.Build.0 = Release|Any CPU
		{BBD21FF3-7510-4E8F-AA7F-353DE8F8FBDF}.Release|x64.ActiveCfg = Release|Any CPU
		{BBD21FF3-7510-4E8F-AA7F-353DE8F8FBDF}.Release|x64.Build.0 = Release|Any CPU
		{BBD21FF3-7510-4E8F-AA7F-353DE8F8FBDF}.Release|x86.ActiveCfg = Release|Any CPU
		{BBD21FF3-7510-4E8F-AA7F-353DE8F8FBDF}.Release|x86.Build.0 = Release|Any CPU
		{967B93E7-DA0D-494A-8221-9BA51952E03C}.Debug|Any CPU.ActiveCfg = Debug|Any CPU
		{967B93E7-DA0D-494A-8221-9BA51952E03C}.Debug|Any CPU.Build.0 = Debug|Any CPU
		{967B93E7-DA0D-494A-8221-9BA51952E03C}.Debug|x64.ActiveCfg = Debug|Any CPU
		{967B93E7-DA0D-494A-8221-9BA51952E03C}.Debug|x64.Build.0 = Debug|Any CPU
		{967B93E7-DA0D-494A-8221-9BA51952E03C}.Debug|x86.ActiveCfg = Debug|Any CPU
		{967B93E7-DA0D-494A-8221-9BA51952E03C}.Debug|x86.Build.0 = Debug|Any CPU
		{967B93E7-DA0D-494A-8221-9BA51952E03C}.Release|Any CPU.ActiveCfg = Release|Any CPU
		{967B93E7-DA0D-494A-8221-9BA51952E03C}.Release|Any CPU.Build.0 = Release|Any CPU
		{967B93E7-DA0D-494A-8221-9BA51952E03C}.Release|x64.ActiveCfg = Release|Any CPU
		{967B93E7-DA0D-494A-8221-9BA51952E03C}.Release|x64.Build.0 = Release|Any CPU
		{967B93E7-DA0D-494A-8221-9BA51952E03C}.Release|x86.ActiveCfg = Release|Any CPU
		{967B93E7-DA0D-494A-8221-9BA51952E03C}.Release|x86.Build.0 = Release|Any CPU
		{D0C43081-D457-40DA-B727-A1E3B380D3D3}.Debug|Any CPU.ActiveCfg = Debug|Any CPU
		{D0C43081-D457-40DA-B727-A1E3B380D3D3}.Debug|Any CPU.Build.0 = Debug|Any CPU
		{D0C43081-D457-40DA-B727-A1E3B380D3D3}.Debug|x64.ActiveCfg = Debug|Any CPU
		{D0C43081-D457-40DA-B727-A1E3B380D3D3}.Debug|x64.Build.0 = Debug|Any CPU
		{D0C43081-D457-40DA-B727-A1E3B380D3D3}.Debug|x86.ActiveCfg = Debug|Any CPU
		{D0C43081-D457-40DA-B727-A1E3B380D3D3}.Debug|x86.Build.0 = Debug|Any CPU
		{D0C43081-D457-40DA-B727-A1E3B380D3D3}.Release|Any CPU.ActiveCfg = Release|Any CPU
		{D0C43081-D457-40DA-B727-A1E3B380D3D3}.Release|Any CPU.Build.0 = Release|Any CPU
		{D0C43081-D457-40DA-B727-A1E3B380D3D3}.Release|x64.ActiveCfg = Release|Any CPU
		{D0C43081-D457-40DA-B727-A1E3B380D3D3}.Release|x64.Build.0 = Release|Any CPU
		{D0C43081-D457-40DA-B727-A1E3B380D3D3}.Release|x86.ActiveCfg = Release|Any CPU
		{D0C43081-D457-40DA-B727-A1E3B380D3D3}.Release|x86.Build.0 = Release|Any CPU
		{5C5484D4-828B-450C-B117-5FBF4D2144E5}.Debug|Any CPU.ActiveCfg = Debug|Any CPU
		{5C5484D4-828B-450C-B117-5FBF4D2144E5}.Debug|Any CPU.Build.0 = Debug|Any CPU
		{5C5484D4-828B-450C-B117-5FBF4D2144E5}.Debug|x64.ActiveCfg = Debug|Any CPU
		{5C5484D4-828B-450C-B117-5FBF4D2144E5}.Debug|x64.Build.0 = Debug|Any CPU
		{5C5484D4-828B-450C-B117-5FBF4D2144E5}.Debug|x86.ActiveCfg = Debug|Any CPU
		{5C5484D4-828B-450C-B117-5FBF4D2144E5}.Debug|x86.Build.0 = Debug|Any CPU
		{5C5484D4-828B-450C-B117-5FBF4D2144E5}.Release|Any CPU.ActiveCfg = Release|Any CPU
		{5C5484D4-828B-450C-B117-5FBF4D2144E5}.Release|Any CPU.Build.0 = Release|Any CPU
		{5C5484D4-828B-450C-B117-5FBF4D2144E5}.Release|x64.ActiveCfg = Release|Any CPU
		{5C5484D4-828B-450C-B117-5FBF4D2144E5}.Release|x64.Build.0 = Release|Any CPU
		{5C5484D4-828B-450C-B117-5FBF4D2144E5}.Release|x86.ActiveCfg = Release|Any CPU
		{5C5484D4-828B-450C-B117-5FBF4D2144E5}.Release|x86.Build.0 = Release|Any CPU
		{ABF04B20-6E21-436A-8FBE-FCE6FCF48CFC}.Debug|Any CPU.ActiveCfg = Debug|Any CPU
		{ABF04B20-6E21-436A-8FBE-FCE6FCF48CFC}.Debug|Any CPU.Build.0 = Debug|Any CPU
		{ABF04B20-6E21-436A-8FBE-FCE6FCF48CFC}.Debug|x64.ActiveCfg = Debug|Any CPU
		{ABF04B20-6E21-436A-8FBE-FCE6FCF48CFC}.Debug|x64.Build.0 = Debug|Any CPU
		{ABF04B20-6E21-436A-8FBE-FCE6FCF48CFC}.Debug|x86.ActiveCfg = Debug|Any CPU
		{ABF04B20-6E21-436A-8FBE-FCE6FCF48CFC}.Debug|x86.Build.0 = Debug|Any CPU
		{ABF04B20-6E21-436A-8FBE-FCE6FCF48CFC}.Release|Any CPU.ActiveCfg = Release|Any CPU
		{ABF04B20-6E21-436A-8FBE-FCE6FCF48CFC}.Release|Any CPU.Build.0 = Release|Any CPU
		{ABF04B20-6E21-436A-8FBE-FCE6FCF48CFC}.Release|x64.ActiveCfg = Release|Any CPU
		{ABF04B20-6E21-436A-8FBE-FCE6FCF48CFC}.Release|x64.Build.0 = Release|Any CPU
		{ABF04B20-6E21-436A-8FBE-FCE6FCF48CFC}.Release|x86.ActiveCfg = Release|Any CPU
		{ABF04B20-6E21-436A-8FBE-FCE6FCF48CFC}.Release|x86.Build.0 = Release|Any CPU
		{227D7F5F-2892-4D65-B662-C81039AD8FC4}.Debug|Any CPU.ActiveCfg = Debug|Any CPU
		{227D7F5F-2892-4D65-B662-C81039AD8FC4}.Debug|Any CPU.Build.0 = Debug|Any CPU
		{227D7F5F-2892-4D65-B662-C81039AD8FC4}.Debug|x64.ActiveCfg = Debug|Any CPU
		{227D7F5F-2892-4D65-B662-C81039AD8FC4}.Debug|x64.Build.0 = Debug|Any CPU
		{227D7F5F-2892-4D65-B662-C81039AD8FC4}.Debug|x86.ActiveCfg = Debug|Any CPU
		{227D7F5F-2892-4D65-B662-C81039AD8FC4}.Debug|x86.Build.0 = Debug|Any CPU
		{227D7F5F-2892-4D65-B662-C81039AD8FC4}.Release|Any CPU.ActiveCfg = Release|Any CPU
		{227D7F5F-2892-4D65-B662-C81039AD8FC4}.Release|Any CPU.Build.0 = Release|Any CPU
		{227D7F5F-2892-4D65-B662-C81039AD8FC4}.Release|x64.ActiveCfg = Release|Any CPU
		{227D7F5F-2892-4D65-B662-C81039AD8FC4}.Release|x64.Build.0 = Release|Any CPU
		{227D7F5F-2892-4D65-B662-C81039AD8FC4}.Release|x86.ActiveCfg = Release|Any CPU
		{227D7F5F-2892-4D65-B662-C81039AD8FC4}.Release|x86.Build.0 = Release|Any CPU
		{1036AB49-7DEC-4422-A662-6729DBD39F64}.Debug|Any CPU.ActiveCfg = Debug|Any CPU
		{1036AB49-7DEC-4422-A662-6729DBD39F64}.Debug|Any CPU.Build.0 = Debug|Any CPU
		{1036AB49-7DEC-4422-A662-6729DBD39F64}.Debug|x64.ActiveCfg = Debug|Any CPU
		{1036AB49-7DEC-4422-A662-6729DBD39F64}.Debug|x64.Build.0 = Debug|Any CPU
		{1036AB49-7DEC-4422-A662-6729DBD39F64}.Debug|x86.ActiveCfg = Debug|Any CPU
		{1036AB49-7DEC-4422-A662-6729DBD39F64}.Debug|x86.Build.0 = Debug|Any CPU
		{1036AB49-7DEC-4422-A662-6729DBD39F64}.Release|Any CPU.ActiveCfg = Release|Any CPU
		{1036AB49-7DEC-4422-A662-6729DBD39F64}.Release|Any CPU.Build.0 = Release|Any CPU
		{1036AB49-7DEC-4422-A662-6729DBD39F64}.Release|x64.ActiveCfg = Release|Any CPU
		{1036AB49-7DEC-4422-A662-6729DBD39F64}.Release|x64.Build.0 = Release|Any CPU
		{1036AB49-7DEC-4422-A662-6729DBD39F64}.Release|x86.ActiveCfg = Release|Any CPU
		{1036AB49-7DEC-4422-A662-6729DBD39F64}.Release|x86.Build.0 = Release|Any CPU
		{4AE1BD95-E9FD-4D02-B655-924ABC4D78EC}.Debug|Any CPU.ActiveCfg = Debug|Any CPU
		{4AE1BD95-E9FD-4D02-B655-924ABC4D78EC}.Debug|Any CPU.Build.0 = Debug|Any CPU
		{4AE1BD95-E9FD-4D02-B655-924ABC4D78EC}.Debug|x64.ActiveCfg = Debug|Any CPU
		{4AE1BD95-E9FD-4D02-B655-924ABC4D78EC}.Debug|x64.Build.0 = Debug|Any CPU
		{4AE1BD95-E9FD-4D02-B655-924ABC4D78EC}.Debug|x86.ActiveCfg = Debug|Any CPU
		{4AE1BD95-E9FD-4D02-B655-924ABC4D78EC}.Debug|x86.Build.0 = Debug|Any CPU
		{4AE1BD95-E9FD-4D02-B655-924ABC4D78EC}.Release|Any CPU.ActiveCfg = Release|Any CPU
		{4AE1BD95-E9FD-4D02-B655-924ABC4D78EC}.Release|Any CPU.Build.0 = Release|Any CPU
		{4AE1BD95-E9FD-4D02-B655-924ABC4D78EC}.Release|x64.ActiveCfg = Release|Any CPU
		{4AE1BD95-E9FD-4D02-B655-924ABC4D78EC}.Release|x64.Build.0 = Release|Any CPU
		{4AE1BD95-E9FD-4D02-B655-924ABC4D78EC}.Release|x86.ActiveCfg = Release|Any CPU
		{4AE1BD95-E9FD-4D02-B655-924ABC4D78EC}.Release|x86.Build.0 = Release|Any CPU
		{40EADF62-FDB6-472B-8E24-1EEEF8FC7D55}.Debug|Any CPU.ActiveCfg = Debug|Any CPU
		{40EADF62-FDB6-472B-8E24-1EEEF8FC7D55}.Debug|Any CPU.Build.0 = Debug|Any CPU
		{40EADF62-FDB6-472B-8E24-1EEEF8FC7D55}.Debug|x64.ActiveCfg = Debug|Any CPU
		{40EADF62-FDB6-472B-8E24-1EEEF8FC7D55}.Debug|x64.Build.0 = Debug|Any CPU
		{40EADF62-FDB6-472B-8E24-1EEEF8FC7D55}.Debug|x86.ActiveCfg = Debug|Any CPU
		{40EADF62-FDB6-472B-8E24-1EEEF8FC7D55}.Debug|x86.Build.0 = Debug|Any CPU
		{40EADF62-FDB6-472B-8E24-1EEEF8FC7D55}.Release|Any CPU.ActiveCfg = Release|Any CPU
		{40EADF62-FDB6-472B-8E24-1EEEF8FC7D55}.Release|Any CPU.Build.0 = Release|Any CPU
		{40EADF62-FDB6-472B-8E24-1EEEF8FC7D55}.Release|x64.ActiveCfg = Release|Any CPU
		{40EADF62-FDB6-472B-8E24-1EEEF8FC7D55}.Release|x64.Build.0 = Release|Any CPU
		{40EADF62-FDB6-472B-8E24-1EEEF8FC7D55}.Release|x86.ActiveCfg = Release|Any CPU
		{40EADF62-FDB6-472B-8E24-1EEEF8FC7D55}.Release|x86.Build.0 = Release|Any CPU
	EndGlobalSection
	GlobalSection(SolutionProperties) = preSolution
		HideSolutionNode = FALSE
	EndGlobalSection
	GlobalSection(NestedProjects) = preSolution
		{450B4A68-AA30-46D8-97EC-5254C2470F5D} = {70A9F1B4-4A0B-42BB-A29C-41AD9538460F}
		{50C647C9-CD31-4220-AE20-18657F54E624} = {70A9F1B4-4A0B-42BB-A29C-41AD9538460F}
		{66D0F967-14B4-4C94-8D41-B1302E3240AB} = {70A9F1B4-4A0B-42BB-A29C-41AD9538460F}
		{47C48C12-F506-4F82-A50A-046F333A1D67} = {2F045150-E319-473E-ADC4-ECC745E476EC}
		{67E6D87E-9940-410A-9541-B6F2523B3CA3} = {2F045150-E319-473E-ADC4-ECC745E476EC}
		{836BB551-D678-44F1-925C-BFEB38E4E2C3} = {2F045150-E319-473E-ADC4-ECC745E476EC}
		{BBD21FF3-7510-4E8F-AA7F-353DE8F8FBDF} = {2F045150-E319-473E-ADC4-ECC745E476EC}
		{967B93E7-DA0D-494A-8221-9BA51952E03C} = {2F045150-E319-473E-ADC4-ECC745E476EC}
		{D0C43081-D457-40DA-B727-A1E3B380D3D3} = {2F045150-E319-473E-ADC4-ECC745E476EC}
		{5C5484D4-828B-450C-B117-5FBF4D2144E5} = {2F045150-E319-473E-ADC4-ECC745E476EC}
		{ABF04B20-6E21-436A-8FBE-FCE6FCF48CFC} = {611E14D8-AEAE-46A0-919A-E775513DDDA4}
		{227D7F5F-2892-4D65-B662-C81039AD8FC4} = {611E14D8-AEAE-46A0-919A-E775513DDDA4}
		{1036AB49-7DEC-4422-A662-6729DBD39F64} = {611E14D8-AEAE-46A0-919A-E775513DDDA4}
		{4AE1BD95-E9FD-4D02-B655-924ABC4D78EC} = {611E14D8-AEAE-46A0-919A-E775513DDDA4}
		{40EADF62-FDB6-472B-8E24-1EEEF8FC7D55} = {611E14D8-AEAE-46A0-919A-E775513DDDA4}
	EndGlobalSection
	GlobalSection(ExtensibilityGlobals) = postSolution
		SolutionGuid = {8D5D3100-C192-4369-ABF9-C2A1BC24B4B5}
	EndGlobalSection
EndGlobal
